# generated by rye
# use `rye lock` or `rye sync` to update this lockfile
#
# last locked with the following flags:
#   pre: false
#   features: []
#   all-features: false
#   with-sources: false
#   generate-hashes: false
#   universal: false

-e file:.
cinemagoer==2023.5.1
    # via imdbpy
greenlet==3.1.1
    # via sqlalchemy
imdbpy==2022.7.9
    # via my-films
importlib-resources==6.4.5
    # via python-liquid
lxml==5.3.0
    # via cinemagoer
python-dateutil==2.9.0.post0
    # via python-liquid
python-liquid==1.12.1
    # via my-films
pyyaml==6.0.2
    # via my-films
six==1.16.0
    # via python-dateutil
sqlalchemy==2.0.36
    # via cinemagoer
typing-extensions==4.12.2
    # via python-liquid
    # via sqlalchemy
